
Microsoft Visual Studio Solution File, Format Version 12.00
# Visual Studio Version 16
VisualStudioVersion = 16.0.31105.61
MinimumVisualStudioVersion = 10.0.40219.1
Project("{FAE04EC0-301F-11D3-BF4B-00C04F79EFBC}") = "DigitalBallotBoxWF", "DigitalBallotBoxWF\DigitalBallotBoxWF.csproj", "{406DD5EE-58E0-4B8B-A79F-042EBD6DF2E6}"
EndProject
Global
	GlobalSection(SolutionConfigurationPlatforms) = preSolution
		Debug|Any CPU = Debug|Any CPU
		Release|Any CPU = Release|Any CPU
	EndGlobalSection
	GlobalSection(ProjectConfigurationPlatforms) = postSolution
		{406DD5EE-58E0-4B8B-A79F-042EBD6DF2E6}.Debug|Any CPU.ActiveCfg = Debug|Any CPU
		{406DD5EE-58E0-4B8B-A79F-042EBD6DF2E6}.Debug|Any CPU.Build.0 = Debug|Any CPU
		{406DD5EE-58E0-4B8B-A79F-042EBD6DF2E6}.Release|Any CPU.ActiveCfg = Release|Any CPU
		{406DD5EE-58E0-4B8B-A79F-042EBD6DF2E6}.Release|Any CPU.Build.0 = Release|Any CPU
	EndGlobalSection
	GlobalSection(SolutionProperties) = preSolution
		HideSolutionNode = FALSE
	EndGlobalSection
	GlobalSection(ExtensibilityGlobals) = postSolution
		SolutionGuid = {00CBB457-A3BE-4E9E-8AF7-15873910B8F3}
	EndGlobalSection
EndGlobal
